
Microsoft Visual Studio Solution File, Format Version 12.00
# Visual Studio Version 16
VisualStudioVersion = 16.0.29306.81
MinimumVisualStudioVersion = 10.0.40219.1
Project("{FAE04EC0-301F-11D3-BF4B-00C04F79EFBC}") = "Drone Flight Time Calculator", "Drone Flight Time Calculator.csproj", "{9D18599D-B08B-4742-B922-2D5AEEB5FA36}"
EndProject
Global
	GlobalSection(SolutionConfigurationPlatforms) = preSolution
		Debug|Any CPU = Debug|Any CPU
		Release|Any CPU = Release|Any CPU
	EndGlobalSection
	GlobalSection(ProjectConfigurationPlatforms) = postSolution
		{9D18599D-B08B-4742-B922-2D5AEEB5FA36}.Debug|Any CPU.ActiveCfg = Debug|Any CPU
		{9D18599D-B08B-4742-B922-2D5AEEB5FA36}.Debug|Any CPU.Build.0 = Debug|Any CPU
		{9D18599D-B08B-4742-B922-2D5AEEB5FA36}.Release|Any CPU.ActiveCfg = Release|Any CPU
		{9D18599D-B08B-4742-B922-2D5AEEB5FA36}.Release|Any CPU.Build.0 = Release|Any CPU
	EndGlobalSection
	GlobalSection(SolutionProperties) = preSolution
		HideSolutionNode = FALSE
	EndGlobalSection
	GlobalSection(ExtensibilityGlobals) = postSolution
		SolutionGuid = {45E7B0B5-2F36-4B00-95F2-06DCAE8BE076}
	EndGlobalSection
EndGlobal
